// !$*UTF8*$!
{
	archiveVersion = 1;
	classes = {
	};
	objectVersion = 46;
	objects = {

/* Begin PBXBuildFile section */
		573022871F6BAF4B008D7978 /* MainMenuCell.swift in Sources */ = {isa = PBXBuildFile; fileRef = 573022861F6BAF4B008D7978 /* MainMenuCell.swift */; };
		573022891F6BB395008D7978 /* FeedItemCell.swift in Sources */ = {isa = PBXBuildFile; fileRef = 573022881F6BB395008D7978 /* FeedItemCell.swift */; };
		5730228B1F6BC02F008D7978 /* ViewBorders.swift in Sources */ = {isa = PBXBuildFile; fileRef = 5730228A1F6BC02F008D7978 /* ViewBorders.swift */; };
		57EE6C0D1F6A52EB003DE383 /* AppDelegate.swift in Sources */ = {isa = PBXBuildFile; fileRef = 57EE6C0C1F6A52EB003DE383 /* AppDelegate.swift */; };
		57EE6C271F6A5781003DE383 /* Assets.xcassets in Resources */ = {isa = PBXBuildFile; fileRef = 57EE6C1F1F6A5781003DE383 /* Assets.xcassets */; };
		57EE6C321F6A578C003DE383 /* LaunchScreen.storyboard in Resources */ = {isa = PBXBuildFile; fileRef = 57EE6C2C1F6A578C003DE383 /* LaunchScreen.storyboard */; };
		57EE6C331F6A578C003DE383 /* Main.storyboard in Resources */ = {isa = PBXBuildFile; fileRef = 57EE6C2E1F6A578C003DE383 /* Main.storyboard */; };
		57EE6C341F6A578C003DE383 /* MainViewController.swift in Sources */ = {isa = PBXBuildFile; fileRef = 57EE6C311F6A578C003DE383 /* MainViewController.swift */; };
		57EE6C371F6A5B82003DE383 /* Settings.swift in Sources */ = {isa = PBXBuildFile; fileRef = 57EE6C361F6A5B82003DE383 /* Settings.swift */; };
		57EE6C391F6A5C7C003DE383 /* RestApiService.swift in Sources */ = {isa = PBXBuildFile; fileRef = 57EE6C381F6A5C7C003DE383 /* RestApiService.swift */; };
		C4E3F2811F6A815C005B4665 /* FeedItem.swift in Sources */ = {isa = PBXBuildFile; fileRef = C4E3F2801F6A815C005B4665 /* FeedItem.swift */; };
		C4E3F2841F6A849E005B4665 /* ErrorUtils.swift in Sources */ = {isa = PBXBuildFile; fileRef = C4E3F2831F6A849E005B4665 /* ErrorUtils.swift */; };
		C4E3F2861F6A84E8005B4665 /* FeedItem+JSON.swift in Sources */ = {isa = PBXBuildFile; fileRef = C4E3F2851F6A84E8005B4665 /* FeedItem+JSON.swift */; };
		C4E3F2881F6A8670005B4665 /* AlertUtils.swift in Sources */ = {isa = PBXBuildFile; fileRef = C4E3F2871F6A8670005B4665 /* AlertUtils.swift */; };
/* End PBXBuildFile section */

/* Begin PBXFileReference section */
		573022861F6BAF4B008D7978 /* MainMenuCell.swift */ = {isa = PBXFileReference; fileEncoding = 4; lastKnownFileType = sourcecode.swift; path = MainMenuCell.swift; sourceTree = "<group>"; };
		573022881F6BB395008D7978 /* FeedItemCell.swift */ = {isa = PBXFileReference; fileEncoding = 4; lastKnownFileType = sourcecode.swift; path = FeedItemCell.swift; sourceTree = "<group>"; };
		5730228A1F6BC02F008D7978 /* ViewBorders.swift */ = {isa = PBXFileReference; fileEncoding = 4; lastKnownFileType = sourcecode.swift; name = ViewBorders.swift; path = Utils/ViewBorders.swift; sourceTree = "<group>"; };
		57EE6C091F6A52EB003DE383 /* matterly.app */ = {isa = PBXFileReference; explicitFileType = wrapper.application; includeInIndex = 0; path = matterly.app; sourceTree = BUILT_PRODUCTS_DIR; };
		57EE6C0C1F6A52EB003DE383 /* AppDelegate.swift */ = {isa = PBXFileReference; lastKnownFileType = sourcecode.swift; path = AppDelegate.swift; sourceTree = "<group>"; };
		57EE6C1F1F6A5781003DE383 /* Assets.xcassets */ = {isa = PBXFileReference; lastKnownFileType = folder.assetcatalog; path = Assets.xcassets; sourceTree = "<group>"; };
		57EE6C2D1F6A578C003DE383 /* Base */ = {isa = PBXFileReference; lastKnownFileType = file.storyboard; name = Base; path = Base.lproj/LaunchScreen.storyboard; sourceTree = "<group>"; };
		57EE6C2F1F6A578C003DE383 /* Base */ = {isa = PBXFileReference; lastKnownFileType = file.storyboard; name = Base; path = Base.lproj/Main.storyboard; sourceTree = "<group>"; };
		57EE6C311F6A578C003DE383 /* MainViewController.swift */ = {isa = PBXFileReference; fileEncoding = 4; lastKnownFileType = sourcecode.swift; path = MainViewController.swift; sourceTree = "<group>"; };
		57EE6C361F6A5B82003DE383 /* Settings.swift */ = {isa = PBXFileReference; fileEncoding = 4; lastKnownFileType = sourcecode.swift; path = Settings.swift; sourceTree = "<group>"; };
		57EE6C381F6A5C7C003DE383 /* RestApiService.swift */ = {isa = PBXFileReference; fileEncoding = 4; lastKnownFileType = sourcecode.swift; path = RestApiService.swift; sourceTree = "<group>"; };
		C4E3F2801F6A815C005B4665 /* FeedItem.swift */ = {isa = PBXFileReference; fileEncoding = 4; lastKnownFileType = sourcecode.swift; name = FeedItem.swift; path = Model/FeedItem.swift; sourceTree = "<group>"; };
		C4E3F2831F6A849E005B4665 /* ErrorUtils.swift */ = {isa = PBXFileReference; fileEncoding = 4; lastKnownFileType = sourcecode.swift; name = ErrorUtils.swift; path = Utils/ErrorUtils.swift; sourceTree = "<group>"; };
		C4E3F2851F6A84E8005B4665 /* FeedItem+JSON.swift */ = {isa = PBXFileReference; fileEncoding = 4; lastKnownFileType = sourcecode.swift; path = "FeedItem+JSON.swift"; sourceTree = "<group>"; };
		C4E3F2871F6A8670005B4665 /* AlertUtils.swift */ = {isa = PBXFileReference; fileEncoding = 4; lastKnownFileType = sourcecode.swift; name = AlertUtils.swift; path = Utils/AlertUtils.swift; sourceTree = "<group>"; };
/* End PBXFileReference section */

/* Begin PBXFrameworksBuildPhase section */
		57EE6C061F6A52EB003DE383 /* Frameworks */ = {
			isa = PBXFrameworksBuildPhase;
			buildActionMask = 2147483647;
			files = (
			);
			runOnlyForDeploymentPostprocessing = 0;
		};
/* End PBXFrameworksBuildPhase section */

/* Begin PBXGroup section */
		57EE6C001F6A52EB003DE383 = {
			isa = PBXGroup;
			children = (
				57EE6C0B1F6A52EB003DE383 /* matterly */,
				57EE6C0A1F6A52EB003DE383 /* Products */,
			);
			sourceTree = "<group>";
		};
		57EE6C0A1F6A52EB003DE383 /* Products */ = {
			isa = PBXGroup;
			children = (
				57EE6C091F6A52EB003DE383 /* matterly.app */,
			);
			name = Products;
			sourceTree = "<group>";
		};
		57EE6C0B1F6A52EB003DE383 /* matterly */ = {
			isa = PBXGroup;
			children = (
				C4E3F2821F6A846A005B4665 /* Utils */,
				C4E3F27F1F6A8124005B4665 /* Model */,
				57EE6C1E1F6A5781003DE383 /* Resources */,
				57EE6C351F6A57A9003DE383 /* Services */,
				57EE6C2B1F6A578C003DE383 /* UI */,
				57EE6C0C1F6A52EB003DE383 /* AppDelegate.swift */,
				57EE6C361F6A5B82003DE383 /* Settings.swift */,
			);
			path = matterly;
			sourceTree = "<group>";
		};
		57EE6C1E1F6A5781003DE383 /* Resources */ = {
			isa = PBXGroup;
			children = (
				57EE6C1F1F6A5781003DE383 /* Assets.xcassets */,
			);
			path = Resources;
			sourceTree = "<group>";
		};
		57EE6C2B1F6A578C003DE383 /* UI */ = {
			isa = PBXGroup;
			children = (
				57EE6C301F6A578C003DE383 /* Main */,
				57EE6C2C1F6A578C003DE383 /* LaunchScreen.storyboard */,
				57EE6C2E1F6A578C003DE383 /* Main.storyboard */,
			);
			path = UI;
			sourceTree = "<group>";
		};
		57EE6C301F6A578C003DE383 /* Main */ = {
			isa = PBXGroup;
			children = (
				57EE6C311F6A578C003DE383 /* MainViewController.swift */,
				573022861F6BAF4B008D7978 /* MainMenuCell.swift */,
				573022881F6BB395008D7978 /* FeedItemCell.swift */,
			);
			path = Main;
			sourceTree = "<group>";
		};
		57EE6C351F6A57A9003DE383 /* Services */ = {
			isa = PBXGroup;
			children = (
				57EE6C381F6A5C7C003DE383 /* RestApiService.swift */,
				C4E3F2851F6A84E8005B4665 /* FeedItem+JSON.swift */,
			);
			path = Services;
			sourceTree = "<group>";
		};
		C4E3F27F1F6A8124005B4665 /* Model */ = {
			isa = PBXGroup;
			children = (
				C4E3F2801F6A815C005B4665 /* FeedItem.swift */,
			);
			name = Model;
			sourceTree = "<group>";
		};
		C4E3F2821F6A846A005B4665 /* Utils */ = {
			isa = PBXGroup;
			children = (
				5730228A1F6BC02F008D7978 /* ViewBorders.swift */,
				C4E3F2831F6A849E005B4665 /* ErrorUtils.swift */,
				C4E3F2871F6A8670005B4665 /* AlertUtils.swift */,
			);
			name = Utils;
			sourceTree = "<group>";
		};
/* End PBXGroup section */

/* Begin PBXNativeTarget section */
		57EE6C081F6A52EB003DE383 /* matterly */ = {
			isa = PBXNativeTarget;
			buildConfigurationList = 57EE6C1B1F6A52EB003DE383 /* Build configuration list for PBXNativeTarget "matterly" */;
			buildPhases = (
				57EE6C051F6A52EB003DE383 /* Sources */,
				57EE6C061F6A52EB003DE383 /* Frameworks */,
				57EE6C071F6A52EB003DE383 /* Resources */,
			);
			buildRules = (
			);
			dependencies = (
			);
			name = matterly;
			productName = matterly;
			productReference = 57EE6C091F6A52EB003DE383 /* matterly.app */;
			productType = "com.apple.product-type.application";
		};
/* End PBXNativeTarget section */

/* Begin PBXProject section */
		57EE6C011F6A52EB003DE383 /* Project object */ = {
			isa = PBXProject;
			attributes = {
				LastSwiftUpdateCheck = 0830;
				LastUpgradeCheck = 0830;
				ORGANIZATIONNAME = Exyte;
				TargetAttributes = {
					57EE6C081F6A52EB003DE383 = {
						CreatedOnToolsVersion = 8.3.3;
						DevelopmentTeam = FZXCM5CJ7P;
						ProvisioningStyle = Manual;
					};
				};
			};
			buildConfigurationList = 57EE6C041F6A52EB003DE383 /* Build configuration list for PBXProject "matterly" */;
			compatibilityVersion = "Xcode 3.2";
			developmentRegion = English;
			hasScannedForEncodings = 0;
			knownRegions = (
				en,
				Base,
			);
			mainGroup = 57EE6C001F6A52EB003DE383;
			productRefGroup = 57EE6C0A1F6A52EB003DE383 /* Products */;
			projectDirPath = "";
			projectRoot = "";
			targets = (
				57EE6C081F6A52EB003DE383 /* matterly */,
			);
		};
/* End PBXProject section */

/* Begin PBXResourcesBuildPhase section */
		57EE6C071F6A52EB003DE383 /* Resources */ = {
			isa = PBXResourcesBuildPhase;
			buildActionMask = 2147483647;
			files = (
				57EE6C331F6A578C003DE383 /* Main.storyboard in Resources */,
				57EE6C321F6A578C003DE383 /* LaunchScreen.storyboard in Resources */,
				57EE6C271F6A5781003DE383 /* Assets.xcassets in Resources */,
			);
			runOnlyForDeploymentPostprocessing = 0;
		};
/* End PBXResourcesBuildPhase section */

/* Begin PBXSourcesBuildPhase section */
		57EE6C051F6A52EB003DE383 /* Sources */ = {
			isa = PBXSourcesBuildPhase;
			buildActionMask = 2147483647;
			files = (
				573022891F6BB395008D7978 /* FeedItemCell.swift in Sources */,
				573022871F6BAF4B008D7978 /* MainMenuCell.swift in Sources */,
				57EE6C391F6A5C7C003DE383 /* RestApiService.swift in Sources */,
				57EE6C371F6A5B82003DE383 /* Settings.swift in Sources */,
				C4E3F2811F6A815C005B4665 /* FeedItem.swift in Sources */,
				57EE6C341F6A578C003DE383 /* MainViewController.swift in Sources */,
				C4E3F2881F6A8670005B4665 /* AlertUtils.swift in Sources */,
				C4E3F2841F6A849E005B4665 /* ErrorUtils.swift in Sources */,
				C4E3F2861F6A84E8005B4665 /* FeedItem+JSON.swift in Sources */,
				57EE6C0D1F6A52EB003DE383 /* AppDelegate.swift in Sources */,
				5730228B1F6BC02F008D7978 /* ViewBorders.swift in Sources */,
			);
			runOnlyForDeploymentPostprocessing = 0;
		};
/* End PBXSourcesBuildPhase section */

/* Begin PBXVariantGroup section */
		57EE6C2C1F6A578C003DE383 /* LaunchScreen.storyboard */ = {
			isa = PBXVariantGroup;
			children = (
				57EE6C2D1F6A578C003DE383 /* Base */,
			);
			name = LaunchScreen.storyboard;
			sourceTree = "<group>";
		};
		57EE6C2E1F6A578C003DE383 /* Main.storyboard */ = {
			isa = PBXVariantGroup;
			children = (
				57EE6C2F1F6A578C003DE383 /* Base */,
			);
			name = Main.storyboard;
			sourceTree = "<group>";
		};
/* End PBXVariantGroup section */

/* Begin XCBuildConfiguration section */
		57EE6C191F6A52EB003DE383 /* Debug */ = {
			isa = XCBuildConfiguration;
			buildSettings = {
				ALWAYS_SEARCH_USER_PATHS = NO;
				CLANG_ANALYZER_NONNULL = YES;
				CLANG_ANALYZER_NUMBER_OBJECT_CONVERSION = YES_AGGRESSIVE;
				CLANG_CXX_LANGUAGE_STANDARD = "gnu++0x";
				CLANG_CXX_LIBRARY = "libc++";
				CLANG_ENABLE_MODULES = YES;
				CLANG_ENABLE_OBJC_ARC = YES;
				CLANG_WARN_BOOL_CONVERSION = YES;
				CLANG_WARN_CONSTANT_CONVERSION = YES;
				CLANG_WARN_DIRECT_OBJC_ISA_USAGE = YES_ERROR;
				CLANG_WARN_DOCUMENTATION_COMMENTS = YES;
				CLANG_WARN_EMPTY_BODY = YES;
				CLANG_WARN_ENUM_CONVERSION = YES;
				CLANG_WARN_INFINITE_RECURSION = YES;
				CLANG_WARN_INT_CONVERSION = YES;
				CLANG_WARN_OBJC_ROOT_CLASS = YES_ERROR;
				CLANG_WARN_SUSPICIOUS_MOVE = YES;
				CLANG_WARN_UNREACHABLE_CODE = YES;
				CLANG_WARN__DUPLICATE_METHOD_MATCH = YES;
				"CODE_SIGN_IDENTITY[sdk=iphoneos*]" = "iPhone Developer";
				COPY_PHASE_STRIP = NO;
				DEBUG_INFORMATION_FORMAT = dwarf;
				ENABLE_STRICT_OBJC_MSGSEND = YES;
				ENABLE_TESTABILITY = YES;
				GCC_C_LANGUAGE_STANDARD = gnu99;
				GCC_DYNAMIC_NO_PIC = NO;
				GCC_NO_COMMON_BLOCKS = YES;
				GCC_OPTIMIZATION_LEVEL = 0;
				GCC_PREPROCESSOR_DEFINITIONS = (
					"DEBUG=1",
					"$(inherited)",
				);
				GCC_WARN_64_TO_32_BIT_CONVERSION = YES;
				GCC_WARN_ABOUT_RETURN_TYPE = YES_ERROR;
				GCC_WARN_UNDECLARED_SELECTOR = YES;
				GCC_WARN_UNINITIALIZED_AUTOS = YES_AGGRESSIVE;
				GCC_WARN_UNUSED_FUNCTION = YES;
				GCC_WARN_UNUSED_VARIABLE = YES;
				IPHONEOS_DEPLOYMENT_TARGET = 10.3;
				MTL_ENABLE_DEBUG_INFO = YES;
				ONLY_ACTIVE_ARCH = YES;
				SDKROOT = iphoneos;
				SWIFT_ACTIVE_COMPILATION_CONDITIONS = DEBUG;
				SWIFT_OPTIMIZATION_LEVEL = "-Onone";
				TARGETED_DEVICE_FAMILY = "1,2";
			};
			name = Debug;
		};
		57EE6C1A1F6A52EB003DE383 /* Release */ = {
			isa = XCBuildConfiguration;
			buildSettings = {
				ALWAYS_SEARCH_USER_PATHS = NO;
				CLANG_ANALYZER_NONNULL = YES;
				CLANG_ANALYZER_NUMBER_OBJECT_CONVERSION = YES_AGGRESSIVE;
				CLANG_CXX_LANGUAGE_STANDARD = "gnu++0x";
				CLANG_CXX_LIBRARY = "libc++";
				CLANG_ENABLE_MODULES = YES;
				CLANG_ENABLE_OBJC_ARC = YES;
				CLANG_WARN_BOOL_CONVERSION = YES;
				CLANG_WARN_CONSTANT_CONVERSION = YES;
				CLANG_WARN_DIRECT_OBJC_ISA_USAGE = YES_ERROR;
				CLANG_WARN_DOCUMENTATION_COMMENTS = YES;
				CLANG_WARN_EMPTY_BODY = YES;
				CLANG_WARN_ENUM_CONVERSION = YES;
				CLANG_WARN_INFINITE_RECURSION = YES;
				CLANG_WARN_INT_CONVERSION = YES;
				CLANG_WARN_OBJC_ROOT_CLASS = YES_ERROR;
				CLANG_WARN_SUSPICIOUS_MOVE = YES;
				CLANG_WARN_UNREACHABLE_CODE = YES;
				CLANG_WARN__DUPLICATE_METHOD_MATCH = YES;
				"CODE_SIGN_IDENTITY[sdk=iphoneos*]" = "iPhone Developer";
				COPY_PHASE_STRIP = NO;
				DEBUG_INFORMATION_FORMAT = "dwarf-with-dsym";
				ENABLE_NS_ASSERTIONS = NO;
				ENABLE_STRICT_OBJC_MSGSEND = YES;
				GCC_C_LANGUAGE_STANDARD = gnu99;
				GCC_NO_COMMON_BLOCKS = YES;
				GCC_WARN_64_TO_32_BIT_CONVERSION = YES;
				GCC_WARN_ABOUT_RETURN_TYPE = YES_ERROR;
				GCC_WARN_UNDECLARED_SELECTOR = YES;
				GCC_WARN_UNINITIALIZED_AUTOS = YES_AGGRESSIVE;
				GCC_WARN_UNUSED_FUNCTION = YES;
				GCC_WARN_UNUSED_VARIABLE = YES;
				IPHONEOS_DEPLOYMENT_TARGET = 10.3;
				MTL_ENABLE_DEBUG_INFO = NO;
				SDKROOT = iphoneos;
				SWIFT_OPTIMIZATION_LEVEL = "-Owholemodule";
				TARGETED_DEVICE_FAMILY = "1,2";
				VALIDATE_PRODUCT = YES;
			};
			name = Release;
		};
		57EE6C1C1F6A52EB003DE383 /* Debug */ = {
			isa = XCBuildConfiguration;
			buildSettings = {
				ASSETCATALOG_COMPILER_APPICON_NAME = AppIcon;
				DEVELOPMENT_TEAM = FZXCM5CJ7P;
				INFOPLIST_FILE = Info.plist;
				IPHONEOS_DEPLOYMENT_TARGET = 9.0;
				LD_RUNPATH_SEARCH_PATHS = "$(inherited) @executable_path/Frameworks";
				PRODUCT_BUNDLE_IDENTIFIER = com.exyte.matterly;
				PRODUCT_NAME = "$(TARGET_NAME)";
				PROVISIONING_PROFILE = "";
				PROVISIONING_PROFILE_SPECIFIER = "";
				SWIFT_VERSION = 3.0;
			};
			name = Debug;
		};
		57EE6C1D1F6A52EB003DE383 /* Release */ = {
			isa = XCBuildConfiguration;
			buildSettings = {
				ASSETCATALOG_COMPILER_APPICON_NAME = AppIcon;
				DEVELOPMENT_TEAM = "";
				INFOPLIST_FILE = Info.plist;
				IPHONEOS_DEPLOYMENT_TARGET = 9.0;
				LD_RUNPATH_SEARCH_PATHS = "$(inherited) @executable_path/Frameworks";
				PRODUCT_BUNDLE_IDENTIFIER = com.exyte.matterly;
				PRODUCT_NAME = "$(TARGET_NAME)";
				PROVISIONING_PROFILE_SPECIFIER = "";
				SWIFT_VERSION = 3.0;
			};
			name = Release;
		};
/* End XCBuildConfiguration section */

/* Begin XCConfigurationList section */
		57EE6C041F6A52EB003DE383 /* Build configuration list for PBXProject "matterly" */ = {
			isa = XCConfigurationList;
			buildConfigurations = (
				57EE6C191F6A52EB003DE383 /* Debug */,
				57EE6C1A1F6A52EB003DE383 /* Release */,
			);
			defaultConfigurationIsVisible = 0;
			defaultConfigurationName = Release;
		};
		57EE6C1B1F6A52EB003DE383 /* Build configuration list for PBXNativeTarget "matterly" */ = {
			isa = XCConfigurationList;
			buildConfigurations = (
				57EE6C1C1F6A52EB003DE383 /* Debug */,
				57EE6C1D1F6A52EB003DE383 /* Release */,
			);
			defaultConfigurationIsVisible = 0;
			defaultConfigurationName = Release;
		};
/* End XCConfigurationList section */
	};
	rootObject = 57EE6C011F6A52EB003DE383 /* Project object */;
}
